// !$*UTF8*$!
{
	archiveVersion = 1;
	classes = {
	};
	objectVersion = 46;
	objects = {

/* Begin PBXBuildFile section */
		6D1E329815F10A6F003ABAFC /* Cocoa.framework in Frameworks */ = {isa = PBXBuildFile; fileRef = 6D1E329715F10A6F003ABAFC /* Cocoa.framework */; };
		6D1E32A215F10A6F003ABAFC /* InfoPlist.strings in Resources */ = {isa = PBXBuildFile; fileRef = 6D1E32A015F10A6F003ABAFC /* InfoPlist.strings */; };
		6D1E32A415F10A6F003ABAFC /* main.m in Sources */ = {isa = PBXBuildFile; fileRef = 6D1E32A315F10A6F003ABAFC /* main.m */; };
		6D1E32A815F10A6F003ABAFC /* Credits.rtf in Resources */ = {isa = PBXBuildFile; fileRef = 6D1E32A615F10A6F003ABAFC /* Credits.rtf */; };
		6D1E32AB15F10A6F003ABAFC /* AppDelegate.m in Sources */ = {isa = PBXBuildFile; fileRef = 6D1E32AA15F10A6F003ABAFC /* AppDelegate.m */; };
		6D1E32AE15F10A6F003ABAFC /* MainMenu.xib in Resources */ = {isa = PBXBuildFile; fileRef = 6D1E32AC15F10A6F003ABAFC /* MainMenu.xib */; };
		6D1E32BC15F1194D003ABAFC /* Session.m in Sources */ = {isa = PBXBuildFile; fileRef = 6D1E32BB15F1194D003ABAFC /* Session.m */; };
		6D1E32BF15F135F6003ABAFC /* ToodledoRequest.m in Sources */ = {isa = PBXBuildFile; fileRef = 6D1E32BE15F135F6003ABAFC /* ToodledoRequest.m */; };
		6D1E32C115F16733003ABAFC /* Preferences.xib in Resources */ = {isa = PBXBuildFile; fileRef = 6D1E32C015F16733003ABAFC /* Preferences.xib */; };
		6D1E32C315F16F25003ABAFC /* UserDefaults.plist in Resources */ = {isa = PBXBuildFile; fileRef = 6D1E32C215F16F25003ABAFC /* UserDefaults.plist */; };
		6D1E32CA15F41D6D003ABAFC /* glyphicons_198_ok.png in Resources */ = {isa = PBXBuildFile; fileRef = 6D1E32C915F41D6C003ABAFC /* glyphicons_198_ok.png */; };
		6D1E32CC15F420C7003ABAFC /* tray_icon.png in Resources */ = {isa = PBXBuildFile; fileRef = 6D1E32CB15F420C7003ABAFC /* tray_icon.png */; };
		6D1E32CE15F42191003ABAFC /* tray_icon_invert.png in Resources */ = {isa = PBXBuildFile; fileRef = 6D1E32CD15F42191003ABAFC /* tray_icon_invert.png */; };
		6D1E32D415F42DB3003ABAFC /* NewTaskWindowController.m in Sources */ = {isa = PBXBuildFile; fileRef = 6D1E32D315F42DB3003ABAFC /* NewTaskWindowController.m */; };
		6D1E32D815F42DF1003ABAFC /* NewTaskWindow.xib in Resources */ = {isa = PBXBuildFile; fileRef = 6D1E32D715F42DF0003ABAFC /* NewTaskWindow.xib */; };
		6D1E32E615F4ECCA003ABAFC /* CHANGELOG.md in Resources */ = {isa = PBXBuildFile; fileRef = 6D1E32E215F4ECCA003ABAFC /* CHANGELOG.md */; };
		6D1E32E715F4ECCA003ABAFC /* JSONKit.m in Sources */ = {isa = PBXBuildFile; fileRef = 6D1E32E415F4ECCA003ABAFC /* JSONKit.m */; settings = {COMPILER_FLAGS = "-fno-objc-arc"; }; };
		6D1E32E815F4ECCA003ABAFC /* README.md in Resources */ = {isa = PBXBuildFile; fileRef = 6D1E32E515F4ECCA003ABAFC /* README.md */; };
/* End PBXBuildFile section */

/* Begin PBXFileReference section */
		6D1E329315F10A6F003ABAFC /* ToodleDoX.app */ = {isa = PBXFileReference; explicitFileType = wrapper.application; includeInIndex = 0; path = ToodleDoX.app; sourceTree = BUILT_PRODUCTS_DIR; };
		6D1E329715F10A6F003ABAFC /* Cocoa.framework */ = {isa = PBXFileReference; lastKnownFileType = wrapper.framework; name = Cocoa.framework; path = System/Library/Frameworks/Cocoa.framework; sourceTree = SDKROOT; };
		6D1E329A15F10A6F003ABAFC /* AppKit.framework */ = {isa = PBXFileReference; lastKnownFileType = wrapper.framework; name = AppKit.framework; path = System/Library/Frameworks/AppKit.framework; sourceTree = SDKROOT; };
		6D1E329B15F10A6F003ABAFC /* CoreData.framework */ = {isa = PBXFileReference; lastKnownFileType = wrapper.framework; name = CoreData.framework; path = System/Library/Frameworks/CoreData.framework; sourceTree = SDKROOT; };
		6D1E329C15F10A6F003ABAFC /* Foundation.framework */ = {isa = PBXFileReference; lastKnownFileType = wrapper.framework; name = Foundation.framework; path = System/Library/Frameworks/Foundation.framework; sourceTree = SDKROOT; };
		6D1E329F15F10A6F003ABAFC /* ToodleDoX-Info.plist */ = {isa = PBXFileReference; lastKnownFileType = text.plist.xml; path = "ToodleDoX-Info.plist"; sourceTree = "<group>"; };
		6D1E32A115F10A6F003ABAFC /* en */ = {isa = PBXFileReference; lastKnownFileType = text.plist.strings; name = en; path = en.lproj/InfoPlist.strings; sourceTree = "<group>"; };
		6D1E32A315F10A6F003ABAFC /* main.m */ = {isa = PBXFileReference; lastKnownFileType = sourcecode.c.objc; path = main.m; sourceTree = "<group>"; };
		6D1E32A515F10A6F003ABAFC /* ToodleDoX-Prefix.pch */ = {isa = PBXFileReference; lastKnownFileType = sourcecode.c.h; path = "ToodleDoX-Prefix.pch"; sourceTree = "<group>"; };
		6D1E32A715F10A6F003ABAFC /* en */ = {isa = PBXFileReference; lastKnownFileType = text.rtf; name = en; path = en.lproj/Credits.rtf; sourceTree = "<group>"; };
		6D1E32A915F10A6F003ABAFC /* AppDelegate.h */ = {isa = PBXFileReference; lastKnownFileType = sourcecode.c.h; path = AppDelegate.h; sourceTree = "<group>"; };
		6D1E32AA15F10A6F003ABAFC /* AppDelegate.m */ = {isa = PBXFileReference; lastKnownFileType = sourcecode.c.objc; path = AppDelegate.m; sourceTree = "<group>"; };
		6D1E32AD15F10A6F003ABAFC /* en */ = {isa = PBXFileReference; lastKnownFileType = file.xib; name = en; path = en.lproj/MainMenu.xib; sourceTree = "<group>"; };
		6D1E32BA15F1194D003ABAFC /* Session.h */ = {isa = PBXFileReference; fileEncoding = 4; lastKnownFileType = sourcecode.c.h; path = Session.h; sourceTree = "<group>"; };
		6D1E32BB15F1194D003ABAFC /* Session.m */ = {isa = PBXFileReference; fileEncoding = 4; lastKnownFileType = sourcecode.c.objc; path = Session.m; sourceTree = "<group>"; };
		6D1E32BD15F135F6003ABAFC /* ToodledoRequest.h */ = {isa = PBXFileReference; fileEncoding = 4; lastKnownFileType = sourcecode.c.h; path = ToodledoRequest.h; sourceTree = "<group>"; };
		6D1E32BE15F135F6003ABAFC /* ToodledoRequest.m */ = {isa = PBXFileReference; fileEncoding = 4; lastKnownFileType = sourcecode.c.objc; path = ToodledoRequest.m; sourceTree = "<group>"; };
		6D1E32C015F16733003ABAFC /* Preferences.xib */ = {isa = PBXFileReference; fileEncoding = 4; lastKnownFileType = file.xib; path = Preferences.xib; sourceTree = "<group>"; };
		6D1E32C215F16F25003ABAFC /* UserDefaults.plist */ = {isa = PBXFileReference; fileEncoding = 4; lastKnownFileType = text.plist.xml; path = UserDefaults.plist; sourceTree = "<group>"; };
		6D1E32C915F41D6C003ABAFC /* glyphicons_198_ok.png */ = {isa = PBXFileReference; lastKnownFileType = image.png; path = glyphicons_198_ok.png; sourceTree = "<group>"; };
		6D1E32CB15F420C7003ABAFC /* tray_icon.png */ = {isa = PBXFileReference; lastKnownFileType = image.png; path = tray_icon.png; sourceTree = "<group>"; };
		6D1E32CD15F42191003ABAFC /* tray_icon_invert.png */ = {isa = PBXFileReference; lastKnownFileType = image.png; path = tray_icon_invert.png; sourceTree = "<group>"; };
		6D1E32D215F42DB3003ABAFC /* NewTaskWindowController.h */ = {isa = PBXFileReference; fileEncoding = 4; lastKnownFileType = sourcecode.c.h; path = NewTaskWindowController.h; sourceTree = "<group>"; };
		6D1E32D315F42DB3003ABAFC /* NewTaskWindowController.m */ = {isa = PBXFileReference; fileEncoding = 4; lastKnownFileType = sourcecode.c.objc; path = NewTaskWindowController.m; sourceTree = "<group>"; };
		6D1E32D715F42DF0003ABAFC /* NewTaskWindow.xib */ = {isa = PBXFileReference; fileEncoding = 4; lastKnownFileType = file.xib; path = NewTaskWindow.xib; sourceTree = "<group>"; };
		6D1E32E215F4ECCA003ABAFC /* CHANGELOG.md */ = {isa = PBXFileReference; fileEncoding = 4; lastKnownFileType = text; path = CHANGELOG.md; sourceTree = "<group>"; };
		6D1E32E315F4ECCA003ABAFC /* JSONKit.h */ = {isa = PBXFileReference; fileEncoding = 4; lastKnownFileType = sourcecode.c.h; path = JSONKit.h; sourceTree = "<group>"; };
		6D1E32E415F4ECCA003ABAFC /* JSONKit.m */ = {isa = PBXFileReference; fileEncoding = 4; lastKnownFileType = sourcecode.c.objc; path = JSONKit.m; sourceTree = "<group>"; };
		6D1E32E515F4ECCA003ABAFC /* README.md */ = {isa = PBXFileReference; fileEncoding = 4; lastKnownFileType = text; path = README.md; sourceTree = "<group>"; };
/* End PBXFileReference section */

/* Begin PBXFrameworksBuildPhase section */
		6D1E329015F10A6F003ABAFC /* Frameworks */ = {
			isa = PBXFrameworksBuildPhase;
			buildActionMask = 2147483647;
			files = (
				6D1E329815F10A6F003ABAFC /* Cocoa.framework in Frameworks */,
			);
			runOnlyForDeploymentPostprocessing = 0;
		};
/* End PBXFrameworksBuildPhase section */

/* Begin PBXGroup section */
		6D1E328815F10A6F003ABAFC = {
			isa = PBXGroup;
			children = (
				6D1E329D15F10A6F003ABAFC /* ToodleDoX */,
				6D1E329615F10A6F003ABAFC /* Frameworks */,
				6D1E329415F10A6F003ABAFC /* Products */,
			);
			sourceTree = "<group>";
		};
		6D1E329415F10A6F003ABAFC /* Products */ = {
			isa = PBXGroup;
			children = (
				6D1E329315F10A6F003ABAFC /* ToodleDoX.app */,
			);
			name = Products;
			sourceTree = "<group>";
		};
		6D1E329615F10A6F003ABAFC /* Frameworks */ = {
			isa = PBXGroup;
			children = (
				6D1E329715F10A6F003ABAFC /* Cocoa.framework */,
				6D1E329915F10A6F003ABAFC /* Other Frameworks */,
			);
			name = Frameworks;
			sourceTree = "<group>";
		};
		6D1E329915F10A6F003ABAFC /* Other Frameworks */ = {
			isa = PBXGroup;
			children = (
				6D1E329A15F10A6F003ABAFC /* AppKit.framework */,
				6D1E329B15F10A6F003ABAFC /* CoreData.framework */,
				6D1E329C15F10A6F003ABAFC /* Foundation.framework */,
			);
			name = "Other Frameworks";
			sourceTree = "<group>";
		};
		6D1E329D15F10A6F003ABAFC /* ToodleDoX */ = {
			isa = PBXGroup;
			children = (
				6D1E32E115F4ECCA003ABAFC /* JSONKit */,
				6D1E32CD15F42191003ABAFC /* tray_icon_invert.png */,
				6D1E32CB15F420C7003ABAFC /* tray_icon.png */,
				6D1E32C915F41D6C003ABAFC /* glyphicons_198_ok.png */,
				6D1E32C215F16F25003ABAFC /* UserDefaults.plist */,
				6D1E32A915F10A6F003ABAFC /* AppDelegate.h */,
				6D1E32AA15F10A6F003ABAFC /* AppDelegate.m */,
				6D1E32AC15F10A6F003ABAFC /* MainMenu.xib */,
				6D1E32D715F42DF0003ABAFC /* NewTaskWindow.xib */,
				6D1E32D215F42DB3003ABAFC /* NewTaskWindowController.h */,
				6D1E32D315F42DB3003ABAFC /* NewTaskWindowController.m */,
				6D1E329E15F10A6F003ABAFC /* Supporting Files */,
				6D1E32BA15F1194D003ABAFC /* Session.h */,
				6D1E32BB15F1194D003ABAFC /* Session.m */,
				6D1E32BD15F135F6003ABAFC /* ToodledoRequest.h */,
				6D1E32BE15F135F6003ABAFC /* ToodledoRequest.m */,
				6D1E32C015F16733003ABAFC /* Preferences.xib */,
			);
			path = ToodleDoX;
			sourceTree = "<group>";
		};
		6D1E329E15F10A6F003ABAFC /* Supporting Files */ = {
			isa = PBXGroup;
			children = (
				6D1E329F15F10A6F003ABAFC /* ToodleDoX-Info.plist */,
				6D1E32A015F10A6F003ABAFC /* InfoPlist.strings */,
				6D1E32A315F10A6F003ABAFC /* main.m */,
				6D1E32A515F10A6F003ABAFC /* ToodleDoX-Prefix.pch */,
				6D1E32A615F10A6F003ABAFC /* Credits.rtf */,
			);
			name = "Supporting Files";
			sourceTree = "<group>";
		};
		6D1E32E115F4ECCA003ABAFC /* JSONKit */ = {
			isa = PBXGroup;
			children = (
				6D1E32E215F4ECCA003ABAFC /* CHANGELOG.md */,
				6D1E32E315F4ECCA003ABAFC /* JSONKit.h */,
				6D1E32E415F4ECCA003ABAFC /* JSONKit.m */,
				6D1E32E515F4ECCA003ABAFC /* README.md */,
			);
			path = JSONKit;
			sourceTree = "<group>";
		};
/* End PBXGroup section */

/* Begin PBXNativeTarget section */
		6D1E329215F10A6F003ABAFC /* ToodleDoX */ = {
			isa = PBXNativeTarget;
			buildConfigurationList = 6D1E32B115F10A6F003ABAFC /* Build configuration list for PBXNativeTarget "ToodleDoX" */;
			buildPhases = (
				6D1E328F15F10A6F003ABAFC /* Sources */,
				6D1E329015F10A6F003ABAFC /* Frameworks */,
				6D1E329115F10A6F003ABAFC /* Resources */,
			);
			buildRules = (
			);
			dependencies = (
			);
			name = ToodleDoX;
			productName = ToodleDoX;
			productReference = 6D1E329315F10A6F003ABAFC /* ToodleDoX.app */;
			productType = "com.apple.product-type.application";
		};
/* End PBXNativeTarget section */

/* Begin PBXProject section */
		6D1E328A15F10A6F003ABAFC /* Project object */ = {
			isa = PBXProject;
			attributes = {
				LastUpgradeCheck = 0440;
				ORGANIZATIONNAME = "Filip Kis";
			};
			buildConfigurationList = 6D1E328D15F10A6F003ABAFC /* Build configuration list for PBXProject "ToodleDoX" */;
			compatibilityVersion = "Xcode 3.2";
			developmentRegion = English;
			hasScannedForEncodings = 0;
			knownRegions = (
				en,
			);
			mainGroup = 6D1E328815F10A6F003ABAFC;
			productRefGroup = 6D1E329415F10A6F003ABAFC /* Products */;
			projectDirPath = "";
			projectRoot = "";
			targets = (
				6D1E329215F10A6F003ABAFC /* ToodleDoX */,
			);
		};
/* End PBXProject section */

/* Begin PBXResourcesBuildPhase section */
		6D1E329115F10A6F003ABAFC /* Resources */ = {
			isa = PBXResourcesBuildPhase;
			buildActionMask = 2147483647;
			files = (
				6D1E32A215F10A6F003ABAFC /* InfoPlist.strings in Resources */,
				6D1E32A815F10A6F003ABAFC /* Credits.rtf in Resources */,
				6D1E32AE15F10A6F003ABAFC /* MainMenu.xib in Resources */,
				6D1E32C115F16733003ABAFC /* Preferences.xib in Resources */,
				6D1E32C315F16F25003ABAFC /* UserDefaults.plist in Resources */,
				6D1E32CA15F41D6D003ABAFC /* glyphicons_198_ok.png in Resources */,
				6D1E32CC15F420C7003ABAFC /* tray_icon.png in Resources */,
				6D1E32CE15F42191003ABAFC /* tray_icon_invert.png in Resources */,
				6D1E32D815F42DF1003ABAFC /* NewTaskWindow.xib in Resources */,
				6D1E32E615F4ECCA003ABAFC /* CHANGELOG.md in Resources */,
				6D1E32E815F4ECCA003ABAFC /* README.md in Resources */,
			);
			runOnlyForDeploymentPostprocessing = 0;
		};
/* End PBXResourcesBuildPhase section */

/* Begin PBXSourcesBuildPhase section */
		6D1E328F15F10A6F003ABAFC /* Sources */ = {
			isa = PBXSourcesBuildPhase;
			buildActionMask = 2147483647;
			files = (
				6D1E32A415F10A6F003ABAFC /* main.m in Sources */,
				6D1E32AB15F10A6F003ABAFC /* AppDelegate.m in Sources */,
				6D1E32BC15F1194D003ABAFC /* Session.m in Sources */,
				6D1E32BF15F135F6003ABAFC /* ToodledoRequest.m in Sources */,
				6D1E32D415F42DB3003ABAFC /* NewTaskWindowController.m in Sources */,
				6D1E32E715F4ECCA003ABAFC /* JSONKit.m in Sources */,
			);
			runOnlyForDeploymentPostprocessing = 0;
		};
/* End PBXSourcesBuildPhase section */

/* Begin PBXVariantGroup section */
		6D1E32A015F10A6F003ABAFC /* InfoPlist.strings */ = {
			isa = PBXVariantGroup;
			children = (
				6D1E32A115F10A6F003ABAFC /* en */,
			);
			name = InfoPlist.strings;
			sourceTree = "<group>";
		};
		6D1E32A615F10A6F003ABAFC /* Credits.rtf */ = {
			isa = PBXVariantGroup;
			children = (
				6D1E32A715F10A6F003ABAFC /* en */,
			);
			name = Credits.rtf;
			sourceTree = "<group>";
		};
		6D1E32AC15F10A6F003ABAFC /* MainMenu.xib */ = {
			isa = PBXVariantGroup;
			children = (
				6D1E32AD15F10A6F003ABAFC /* en */,
			);
			name = MainMenu.xib;
			sourceTree = "<group>";
		};
/* End PBXVariantGroup section */

/* Begin XCBuildConfiguration section */
		6D1E32AF15F10A6F003ABAFC /* Debug */ = {
			isa = XCBuildConfiguration;
			buildSettings = {
				ALWAYS_SEARCH_USER_PATHS = NO;
				ARCHS = "$(ARCHS_STANDARD_64_BIT)";
				CLANG_CXX_LANGUAGE_STANDARD = "gnu++0x";
				CLANG_ENABLE_OBJC_ARC = YES;
				CLANG_WARN__DUPLICATE_METHOD_MATCH = YES;
				COPY_PHASE_STRIP = NO;
				GCC_C_LANGUAGE_STANDARD = gnu99;
				GCC_DYNAMIC_NO_PIC = NO;
				GCC_ENABLE_OBJC_EXCEPTIONS = YES;
				GCC_OPTIMIZATION_LEVEL = 0;
				GCC_PREPROCESSOR_DEFINITIONS = (
					"DEBUG=1",
					"$(inherited)",
				);
				GCC_SYMBOLS_PRIVATE_EXTERN = NO;
				GCC_WARN_64_TO_32_BIT_CONVERSION = YES;
				GCC_WARN_ABOUT_RETURN_TYPE = YES;
				GCC_WARN_UNINITIALIZED_AUTOS = YES;
				GCC_WARN_UNUSED_VARIABLE = YES;
				MACOSX_DEPLOYMENT_TARGET = 10.7;
				ONLY_ACTIVE_ARCH = YES;
				SDKROOT = macosx;
			};
			name = Debug;
		};
		6D1E32B015F10A6F003ABAFC /* Release */ = {
			isa = XCBuildConfiguration;
			buildSettings = {
				ALWAYS_SEARCH_USER_PATHS = NO;
				ARCHS = "$(ARCHS_STANDARD_64_BIT)";
				CLANG_CXX_LANGUAGE_STANDARD = "gnu++0x";
				CLANG_ENABLE_OBJC_ARC = YES;
				CLANG_WARN__DUPLICATE_METHOD_MATCH = YES;
				COPY_PHASE_STRIP = YES;
				DEBUG_INFORMATION_FORMAT = "dwarf-with-dsym";
				GCC_C_LANGUAGE_STANDARD = gnu99;
				GCC_ENABLE_OBJC_EXCEPTIONS = YES;
				GCC_WARN_64_TO_32_BIT_CONVERSION = YES;
				GCC_WARN_ABOUT_RETURN_TYPE = YES;
				GCC_WARN_UNINITIALIZED_AUTOS = YES;
				GCC_WARN_UNUSED_VARIABLE = YES;
				MACOSX_DEPLOYMENT_TARGET = 10.7;
				SDKROOT = macosx;
			};
			name = Release;
		};
		6D1E32B215F10A6F003ABAFC /* Debug */ = {
			isa = XCBuildConfiguration;
			buildSettings = {
				COMBINE_HIDPI_IMAGES = YES;
				GCC_PRECOMPILE_PREFIX_HEADER = YES;
				GCC_PREFIX_HEADER = "ToodleDoX/ToodleDoX-Prefix.pch";
				INFOPLIST_FILE = "ToodleDoX/ToodleDoX-Info.plist";
				PRODUCT_NAME = "$(TARGET_NAME)";
				WRAPPER_EXTENSION = app;
			};
			name = Debug;
		};
		6D1E32B315F10A6F003ABAFC /* Release */ = {
			isa = XCBuildConfiguration;
			buildSettings = {
				COMBINE_HIDPI_IMAGES = YES;
				GCC_PRECOMPILE_PREFIX_HEADER = YES;
				GCC_PREFIX_HEADER = "ToodleDoX/ToodleDoX-Prefix.pch";
				INFOPLIST_FILE = "ToodleDoX/ToodleDoX-Info.plist";
				PRODUCT_NAME = "$(TARGET_NAME)";
				WRAPPER_EXTENSION = app;
			};
			name = Release;
		};
/* End XCBuildConfiguration section */

/* Begin XCConfigurationList section */
		6D1E328D15F10A6F003ABAFC /* Build configuration list for PBXProject "ToodleDoX" */ = {
			isa = XCConfigurationList;
			buildConfigurations = (
				6D1E32AF15F10A6F003ABAFC /* Debug */,
				6D1E32B015F10A6F003ABAFC /* Release */,
			);
			defaultConfigurationIsVisible = 0;
			defaultConfigurationName = Release;
		};
		6D1E32B115F10A6F003ABAFC /* Build configuration list for PBXNativeTarget "ToodleDoX" */ = {
			isa = XCConfigurationList;
			buildConfigurations = (
				6D1E32B215F10A6F003ABAFC /* Debug */,
				6D1E32B315F10A6F003ABAFC /* Release */,
			);
			defaultConfigurationIsVisible = 0;
		};
/* End XCConfigurationList section */
	};
	rootObject = 6D1E328A15F10A6F003ABAFC /* Project object */;
}
